
Microsoft Visual Studio Solution File, Format Version 12.00
# Visual Studio Version 16
VisualStudioVersion = 16.0.29503.13
MinimumVisualStudioVersion = 10.0.40219.1
Project("{9A19103F-16F7-4668-BE54-9A1E7A4F7556}") = "DomainCore", "DomainCore\DomainCore.csproj", "{940C79D6-0BDD-4920-AD48-0C82C5DC2E32}"
EndProject
Project("{9A19103F-16F7-4668-BE54-9A1E7A4F7556}") = "DomainObjects", "DomainObjects\DomainObjects.csproj", "{5A51EBD1-4838-4C94-85E1-71C8ED2F8010}"
EndProject
Project("{9A19103F-16F7-4668-BE54-9A1E7A4F7556}") = "CustomerModule", "CustomerModule\CustomerModule.csproj", "{6930E67F-9716-4C6B-B4C3-AABA65E4AAB8}"
EndProject
Project("{9A19103F-16F7-4668-BE54-9A1E7A4F7556}") = "DomainCoreTest", "DomainCoreTest\DomainCoreTest.csproj", "{BEE2394D-FA5E-4F0B-831E-07D62BB406CB}"
EndProject
Project("{9A19103F-16F7-4668-BE54-9A1E7A4F7556}") = "DomainInterface", "DomainInterface\DomainInterface.csproj", "{BED93806-EF18-4BF4-8473-53DFB0772BC6}"
EndProject
Project("{9A19103F-16F7-4668-BE54-9A1E7A4F7556}") = "TestPersistence", "TestPersistence\TestPersistence.csproj", "{966A42D0-305E-4F07-B758-2DD148440802}"
EndProject
Project("{FAE04EC0-301F-11D3-BF4B-00C04F79EFBC}") = "CustomerModuleTest", "CustomerModuleTest\CustomerModuleTest.csproj", "{D4662A99-5980-4196-A612-741DBE75B258}"
EndProject
Global
	GlobalSection(SolutionConfigurationPlatforms) = preSolution
		Debug|Any CPU = Debug|Any CPU
		Release|Any CPU = Release|Any CPU
	EndGlobalSection
	GlobalSection(ProjectConfigurationPlatforms) = postSolution
		{940C79D6-0BDD-4920-AD48-0C82C5DC2E32}.Debug|Any CPU.ActiveCfg = Debug|Any CPU
		{940C79D6-0BDD-4920-AD48-0C82C5DC2E32}.Debug|Any CPU.Build.0 = Debug|Any CPU
		{940C79D6-0BDD-4920-AD48-0C82C5DC2E32}.Release|Any CPU.ActiveCfg = Release|Any CPU
		{940C79D6-0BDD-4920-AD48-0C82C5DC2E32}.Release|Any CPU.Build.0 = Release|Any CPU
		{5A51EBD1-4838-4C94-85E1-71C8ED2F8010}.Debug|Any CPU.ActiveCfg = Debug|Any CPU
		{5A51EBD1-4838-4C94-85E1-71C8ED2F8010}.Debug|Any CPU.Build.0 = Debug|Any CPU
		{5A51EBD1-4838-4C94-85E1-71C8ED2F8010}.Release|Any CPU.ActiveCfg = Release|Any CPU
		{5A51EBD1-4838-4C94-85E1-71C8ED2F8010}.Release|Any CPU.Build.0 = Release|Any CPU
		{6930E67F-9716-4C6B-B4C3-AABA65E4AAB8}.Debug|Any CPU.ActiveCfg = Debug|Any CPU
		{6930E67F-9716-4C6B-B4C3-AABA65E4AAB8}.Debug|Any CPU.Build.0 = Debug|Any CPU
		{6930E67F-9716-4C6B-B4C3-AABA65E4AAB8}.Release|Any CPU.ActiveCfg = Release|Any CPU
		{6930E67F-9716-4C6B-B4C3-AABA65E4AAB8}.Release|Any CPU.Build.0 = Release|Any CPU
		{BEE2394D-FA5E-4F0B-831E-07D62BB406CB}.Debug|Any CPU.ActiveCfg = Debug|Any CPU
		{BEE2394D-FA5E-4F0B-831E-07D62BB406CB}.Debug|Any CPU.Build.0 = Debug|Any CPU
		{BEE2394D-FA5E-4F0B-831E-07D62BB406CB}.Release|Any CPU.ActiveCfg = Release|Any CPU
		{BEE2394D-FA5E-4F0B-831E-07D62BB406CB}.Release|Any CPU.Build.0 = Release|Any CPU
		{BED93806-EF18-4BF4-8473-53DFB0772BC6}.Debug|Any CPU.ActiveCfg = Debug|Any CPU
		{BED93806-EF18-4BF4-8473-53DFB0772BC6}.Debug|Any CPU.Build.0 = Debug|Any CPU
		{BED93806-EF18-4BF4-8473-53DFB0772BC6}.Release|Any CPU.ActiveCfg = Release|Any CPU
		{BED93806-EF18-4BF4-8473-53DFB0772BC6}.Release|Any CPU.Build.0 = Release|Any CPU
		{966A42D0-305E-4F07-B758-2DD148440802}.Debug|Any CPU.ActiveCfg = Debug|Any CPU
		{966A42D0-305E-4F07-B758-2DD148440802}.Debug|Any CPU.Build.0 = Debug|Any CPU
		{966A42D0-305E-4F07-B758-2DD148440802}.Release|Any CPU.ActiveCfg = Release|Any CPU
		{966A42D0-305E-4F07-B758-2DD148440802}.Release|Any CPU.Build.0 = Release|Any CPU
		{D4662A99-5980-4196-A612-741DBE75B258}.Debug|Any CPU.ActiveCfg = Debug|Any CPU
		{D4662A99-5980-4196-A612-741DBE75B258}.Debug|Any CPU.Build.0 = Debug|Any CPU
		{D4662A99-5980-4196-A612-741DBE75B258}.Release|Any CPU.ActiveCfg = Release|Any CPU
		{D4662A99-5980-4196-A612-741DBE75B258}.Release|Any CPU.Build.0 = Release|Any CPU
	EndGlobalSection
	GlobalSection(SolutionProperties) = preSolution
		HideSolutionNode = FALSE
	EndGlobalSection
	GlobalSection(ExtensibilityGlobals) = postSolution
		SolutionGuid = {BD39C709-BBA5-46F4-A08B-2ACB444DAF0C}
	EndGlobalSection
EndGlobal
