
Microsoft Visual Studio Solution File, Format Version 12.00
# Visual Studio Version 16
VisualStudioVersion = 16.0.29503.13
MinimumVisualStudioVersion = 10.0.40219.1
Project("{2150E333-8FDC-42A3-9474-1A3956D46DE8}") = "V2", "V2", "{FAEA732A-9010-464D-8124-BB840B49EC45}"
EndProject
Project("{FAE04EC0-301F-11D3-BF4B-00C04F79EFBC}") = "Domain", "Domain\Domain.csproj", "{83E36225-B6A6-4687-B878-44A681ABCD89}"
EndProject
Project("{FAE04EC0-301F-11D3-BF4B-00C04F79EFBC}") = "AccountModule", "AccountModule\AccountModule.csproj", "{3239AD30-6CA8-46ED-8D90-1C0F41AA7540}"
EndProject
Project("{FAE04EC0-301F-11D3-BF4B-00C04F79EFBC}") = "CustomerModule", "CustomerModule\CustomerModule.csproj", "{D0FDB22F-855A-450F-85DA-05880AFF676B}"
EndProject
Project("{FAE04EC0-301F-11D3-BF4B-00C04F79EFBC}") = "EnvironmentAdapter", "EnvironmentAdapter\EnvironmentAdapter.csproj", "{352D0BB6-BDC7-4E90-AF0E-67EA71AF7421}"
EndProject
Project("{FAE04EC0-301F-11D3-BF4B-00C04F79EFBC}") = "Persistence", "Persistence\Persistence.csproj", "{15C1F08D-0D82-4946-89AA-39DB7EFFBBD3}"
EndProject
Project("{FAE04EC0-301F-11D3-BF4B-00C04F79EFBC}") = "DomainApp", "DomainApp\DomainApp.csproj", "{16053D82-BB8D-4E8D-ADCA-BA71C61C237A}"
EndProject
Global
	GlobalSection(SolutionConfigurationPlatforms) = preSolution
		Debug|Any CPU = Debug|Any CPU
		Release|Any CPU = Release|Any CPU
	EndGlobalSection
	GlobalSection(ProjectConfigurationPlatforms) = postSolution
		{83E36225-B6A6-4687-B878-44A681ABCD89}.Debug|Any CPU.ActiveCfg = Debug|Any CPU
		{83E36225-B6A6-4687-B878-44A681ABCD89}.Debug|Any CPU.Build.0 = Debug|Any CPU
		{83E36225-B6A6-4687-B878-44A681ABCD89}.Release|Any CPU.ActiveCfg = Release|Any CPU
		{83E36225-B6A6-4687-B878-44A681ABCD89}.Release|Any CPU.Build.0 = Release|Any CPU
		{3239AD30-6CA8-46ED-8D90-1C0F41AA7540}.Debug|Any CPU.ActiveCfg = Debug|Any CPU
		{3239AD30-6CA8-46ED-8D90-1C0F41AA7540}.Debug|Any CPU.Build.0 = Debug|Any CPU
		{3239AD30-6CA8-46ED-8D90-1C0F41AA7540}.Release|Any CPU.ActiveCfg = Release|Any CPU
		{3239AD30-6CA8-46ED-8D90-1C0F41AA7540}.Release|Any CPU.Build.0 = Release|Any CPU
		{D0FDB22F-855A-450F-85DA-05880AFF676B}.Debug|Any CPU.ActiveCfg = Debug|Any CPU
		{D0FDB22F-855A-450F-85DA-05880AFF676B}.Debug|Any CPU.Build.0 = Debug|Any CPU
		{D0FDB22F-855A-450F-85DA-05880AFF676B}.Release|Any CPU.ActiveCfg = Release|Any CPU
		{D0FDB22F-855A-450F-85DA-05880AFF676B}.Release|Any CPU.Build.0 = Release|Any CPU
		{352D0BB6-BDC7-4E90-AF0E-67EA71AF7421}.Debug|Any CPU.ActiveCfg = Debug|Any CPU
		{352D0BB6-BDC7-4E90-AF0E-67EA71AF7421}.Debug|Any CPU.Build.0 = Debug|Any CPU
		{352D0BB6-BDC7-4E90-AF0E-67EA71AF7421}.Release|Any CPU.ActiveCfg = Release|Any CPU
		{352D0BB6-BDC7-4E90-AF0E-67EA71AF7421}.Release|Any CPU.Build.0 = Release|Any CPU
		{15C1F08D-0D82-4946-89AA-39DB7EFFBBD3}.Debug|Any CPU.ActiveCfg = Debug|Any CPU
		{15C1F08D-0D82-4946-89AA-39DB7EFFBBD3}.Debug|Any CPU.Build.0 = Debug|Any CPU
		{15C1F08D-0D82-4946-89AA-39DB7EFFBBD3}.Release|Any CPU.ActiveCfg = Release|Any CPU
		{15C1F08D-0D82-4946-89AA-39DB7EFFBBD3}.Release|Any CPU.Build.0 = Release|Any CPU
		{16053D82-BB8D-4E8D-ADCA-BA71C61C237A}.Debug|Any CPU.ActiveCfg = Debug|Any CPU
		{16053D82-BB8D-4E8D-ADCA-BA71C61C237A}.Debug|Any CPU.Build.0 = Debug|Any CPU
		{16053D82-BB8D-4E8D-ADCA-BA71C61C237A}.Release|Any CPU.ActiveCfg = Release|Any CPU
		{16053D82-BB8D-4E8D-ADCA-BA71C61C237A}.Release|Any CPU.Build.0 = Release|Any CPU
	EndGlobalSection
	GlobalSection(SolutionProperties) = preSolution
		HideSolutionNode = FALSE
	EndGlobalSection
	GlobalSection(NestedProjects) = preSolution
		{83E36225-B6A6-4687-B878-44A681ABCD89} = {FAEA732A-9010-464D-8124-BB840B49EC45}
		{3239AD30-6CA8-46ED-8D90-1C0F41AA7540} = {FAEA732A-9010-464D-8124-BB840B49EC45}
		{D0FDB22F-855A-450F-85DA-05880AFF676B} = {FAEA732A-9010-464D-8124-BB840B49EC45}
		{352D0BB6-BDC7-4E90-AF0E-67EA71AF7421} = {FAEA732A-9010-464D-8124-BB840B49EC45}
		{15C1F08D-0D82-4946-89AA-39DB7EFFBBD3} = {FAEA732A-9010-464D-8124-BB840B49EC45}
		{16053D82-BB8D-4E8D-ADCA-BA71C61C237A} = {FAEA732A-9010-464D-8124-BB840B49EC45}
	EndGlobalSection
	GlobalSection(ExtensibilityGlobals) = postSolution
		SolutionGuid = {BD39C709-BBA5-46F4-A08B-2ACB444DAF0C}
	EndGlobalSection
EndGlobal
